
Microsoft Visual Studio Solution File, Format Version 12.00
# Visual Studio Version 16
VisualStudioVersion = 16.0.32126.315
MinimumVisualStudioVersion = 10.0.40219.1
Project("{9A19103F-16F7-4668-BE54-9A1E7A4F7556}") = "GodelTourAgensy.Web", "GodelTourAgensy\GodelTourAgensy.Web.csproj", "{16D32EB7-E0F9-4D51-ABCC-E644E560B61C}"
EndProject
Project("{9A19103F-16F7-4668-BE54-9A1E7A4F7556}") = "GodelTourAgensy.BLL", "GodelTourAgensy.BLL\GodelTourAgensy.BLL.csproj", "{875FF121-77B3-4F91-9DF0-FBF63D4DB917}"
EndProject
Project("{9A19103F-16F7-4668-BE54-9A1E7A4F7556}") = "GodelTourAgensy.DAL", "GodelTourAgensy.DAL\GodelTourAgensy.DAL.csproj", "{1748C6F3-2B92-45EE-96BA-DB0214DDBE6B}"
EndProject
Global
	GlobalSection(SolutionConfigurationPlatforms) = preSolution
		Debug|Any CPU = Debug|Any CPU
		Release|Any CPU = Release|Any CPU
	EndGlobalSection
	GlobalSection(ProjectConfigurationPlatforms) = postSolution
		{16D32EB7-E0F9-4D51-ABCC-E644E560B61C}.Debug|Any CPU.ActiveCfg = Debug|Any CPU
		{16D32EB7-E0F9-4D51-ABCC-E644E560B61C}.Debug|Any CPU.Build.0 = Debug|Any CPU
		{16D32EB7-E0F9-4D51-ABCC-E644E560B61C}.Release|Any CPU.ActiveCfg = Release|Any CPU
		{16D32EB7-E0F9-4D51-ABCC-E644E560B61C}.Release|Any CPU.Build.0 = Release|Any CPU
		{875FF121-77B3-4F91-9DF0-FBF63D4DB917}.Debug|Any CPU.ActiveCfg = Debug|Any CPU
		{875FF121-77B3-4F91-9DF0-FBF63D4DB917}.Debug|Any CPU.Build.0 = Debug|Any CPU
		{875FF121-77B3-4F91-9DF0-FBF63D4DB917}.Release|Any CPU.ActiveCfg = Release|Any CPU
		{875FF121-77B3-4F91-9DF0-FBF63D4DB917}.Release|Any CPU.Build.0 = Release|Any CPU
		{1748C6F3-2B92-45EE-96BA-DB0214DDBE6B}.Debug|Any CPU.ActiveCfg = Debug|Any CPU
		{1748C6F3-2B92-45EE-96BA-DB0214DDBE6B}.Debug|Any CPU.Build.0 = Debug|Any CPU
		{1748C6F3-2B92-45EE-96BA-DB0214DDBE6B}.Release|Any CPU.ActiveCfg = Release|Any CPU
		{1748C6F3-2B92-45EE-96BA-DB0214DDBE6B}.Release|Any CPU.Build.0 = Release|Any CPU
	EndGlobalSection
	GlobalSection(SolutionProperties) = preSolution
		HideSolutionNode = FALSE
	EndGlobalSection
	GlobalSection(ExtensibilityGlobals) = postSolution
		SolutionGuid = {60ADD7C7-4FFE-4A1A-80FC-06C91D4F3244}
	EndGlobalSection
EndGlobal
